// !$*UTF8*$!
{
	archiveVersion = 1;
	classes = {
	};
	objectVersion = 46;
	objects = {

/* Begin PBXBuildFile section */
		24A1DB8C1F267D6E0025D21B /* AppDelegate.swift in Sources */ = {isa = PBXBuildFile; fileRef = 24A1DB8B1F267D6E0025D21B /* AppDelegate.swift */; };
		24A1DB8E1F267D6E0025D21B /* ViewController.swift in Sources */ = {isa = PBXBuildFile; fileRef = 24A1DB8D1F267D6E0025D21B /* ViewController.swift */; };
		24A1DB911F267D6E0025D21B /* Main.storyboard in Resources */ = {isa = PBXBuildFile; fileRef = 24A1DB8F1F267D6E0025D21B /* Main.storyboard */; };
		24A1DB931F267D6E0025D21B /* Assets.xcassets in Resources */ = {isa = PBXBuildFile; fileRef = 24A1DB921F267D6E0025D21B /* Assets.xcassets */; };
		24A1DB961F267D6E0025D21B /* LaunchScreen.storyboard in Resources */ = {isa = PBXBuildFile; fileRef = 24A1DB941F267D6E0025D21B /* LaunchScreen.storyboard */; };
/* End PBXBuildFile section */

/* Begin PBXContainerItemProxy section */
		24A1DB9D1F267D6E0025D21B /* PBXContainerItemProxy */ = {
			isa = PBXContainerItemProxy;
			containerPortal = 24A1DB801F267D6E0025D21B /* Project object */;
			proxyType = 1;
			remoteGlobalIDString = 24A1DB871F267D6E0025D21B;
			remoteInfo = Calculator.study;
		};
		24A1DBA81F267D6F0025D21B /* PBXContainerItemProxy */ = {
			isa = PBXContainerItemProxy;
			containerPortal = 24A1DB801F267D6E0025D21B /* Project object */;
			proxyType = 1;
			remoteGlobalIDString = 24A1DB871F267D6E0025D21B;
			remoteInfo = Calculator.study;
		};
/* End PBXContainerItemProxy section */

/* Begin PBXFileReference section */
		24A1DB881F267D6E0025D21B /* Calculator.study.app */ = {isa = PBXFileReference; explicitFileType = wrapper.application; includeInIndex = 0; path = Calculator.study.app; sourceTree = BUILT_PRODUCTS_DIR; };
		24A1DB8B1F267D6E0025D21B /* AppDelegate.swift */ = {isa = PBXFileReference; lastKnownFileType = sourcecode.swift; path = AppDelegate.swift; sourceTree = "<group>"; };
		24A1DB8D1F267D6E0025D21B /* ViewController.swift */ = {isa = PBXFileReference; lastKnownFileType = sourcecode.swift; path = ViewController.swift; sourceTree = "<group>"; };
		24A1DB901F267D6E0025D21B /* Base */ = {isa = PBXFileReference; lastKnownFileType = file.storyboard; name = Base; path = Base.lproj/Main.storyboard; sourceTree = "<group>"; };
		24A1DB921F267D6E0025D21B /* Assets.xcassets */ = {isa = PBXFileReference; lastKnownFileType = folder.assetcatalog; path = Assets.xcassets; sourceTree = "<group>"; };
		24A1DB951F267D6E0025D21B /* Base */ = {isa = PBXFileReference; lastKnownFileType = file.storyboard; name = Base; path = Base.lproj/LaunchScreen.storyboard; sourceTree = "<group>"; };
		24A1DB971F267D6E0025D21B /* Info.plist */ = {isa = PBXFileReference; lastKnownFileType = text.plist.xml; path = Info.plist; sourceTree = "<group>"; };
		24A1DB9C1F267D6E0025D21B /* Calculator.studyTests.xctest */ = {isa = PBXFileReference; explicitFileType = wrapper.cfbundle; includeInIndex = 0; path = Calculator.studyTests.xctest; sourceTree = BUILT_PRODUCTS_DIR; };
		24A1DBA71F267D6F0025D21B /* Calculator.studyUITests.xctest */ = {isa = PBXFileReference; explicitFileType = wrapper.cfbundle; includeInIndex = 0; path = Calculator.studyUITests.xctest; sourceTree = BUILT_PRODUCTS_DIR; };
/* End PBXFileReference section */

/* Begin PBXFrameworksBuildPhase section */
		24A1DB851F267D6E0025D21B /* Frameworks */ = {
			isa = PBXFrameworksBuildPhase;
			buildActionMask = 2147483647;
			files = (
			);
			runOnlyForDeploymentPostprocessing = 0;
		};
		24A1DB991F267D6E0025D21B /* Frameworks */ = {
			isa = PBXFrameworksBuildPhase;
			buildActionMask = 2147483647;
			files = (
			);
			runOnlyForDeploymentPostprocessing = 0;
		};
		24A1DBA41F267D6F0025D21B /* Frameworks */ = {
			isa = PBXFrameworksBuildPhase;
			buildActionMask = 2147483647;
			files = (
			);
			runOnlyForDeploymentPostprocessing = 0;
		};
/* End PBXFrameworksBuildPhase section */

/* Begin PBXGroup section */
		24A1DB7F1F267D6E0025D21B = {
			isa = PBXGroup;
			children = (
				24A1DB8A1F267D6E0025D21B /* Calculator.study */,
				24A1DB891F267D6E0025D21B /* Products */,
			);
			sourceTree = "<group>";
		};
		24A1DB891F267D6E0025D21B /* Products */ = {
			isa = PBXGroup;
			children = (
				24A1DB881F267D6E0025D21B /* Calculator.study.app */,
				24A1DB9C1F267D6E0025D21B /* Calculator.studyTests.xctest */,
				24A1DBA71F267D6F0025D21B /* Calculator.studyUITests.xctest */,
			);
			name = Products;
			sourceTree = "<group>";
		};
		24A1DB8A1F267D6E0025D21B /* Calculator.study */ = {
			isa = PBXGroup;
			children = (
				24A1DB8B1F267D6E0025D21B /* AppDelegate.swift */,
				24A1DB8D1F267D6E0025D21B /* ViewController.swift */,
				24A1DB8F1F267D6E0025D21B /* Main.storyboard */,
				24A1DB921F267D6E0025D21B /* Assets.xcassets */,
				24A1DB941F267D6E0025D21B /* LaunchScreen.storyboard */,
				24A1DB971F267D6E0025D21B /* Info.plist */,
			);
			path = Calculator.study;
			sourceTree = "<group>";
		};
/* End PBXGroup section */

/* Begin PBXNativeTarget section */
		24A1DB871F267D6E0025D21B /* Calculator.study */ = {
			isa = PBXNativeTarget;
			buildConfigurationList = 24A1DBB01F267D6F0025D21B /* Build configuration list for PBXNativeTarget "Calculator.study" */;
			buildPhases = (
				24A1DB841F267D6E0025D21B /* Sources */,
				24A1DB851F267D6E0025D21B /* Frameworks */,
				24A1DB861F267D6E0025D21B /* Resources */,
			);
			buildRules = (
			);
			dependencies = (
			);
			name = Calculator.study;
			productName = Calculator.study;
			productReference = 24A1DB881F267D6E0025D21B /* Calculator.study.app */;
			productType = "com.apple.product-type.application";
		};
		24A1DB9B1F267D6E0025D21B /* Calculator.studyTests */ = {
			isa = PBXNativeTarget;
			buildConfigurationList = 24A1DBB31F267D6F0025D21B /* Build configuration list for PBXNativeTarget "Calculator.studyTests" */;
			buildPhases = (
				24A1DB981F267D6E0025D21B /* Sources */,
				24A1DB991F267D6E0025D21B /* Frameworks */,
				24A1DB9A1F267D6E0025D21B /* Resources */,
			);
			buildRules = (
			);
			dependencies = (
				24A1DB9E1F267D6E0025D21B /* PBXTargetDependency */,
			);
			name = Calculator.studyTests;
			productName = Calculator.studyTests;
			productReference = 24A1DB9C1F267D6E0025D21B /* Calculator.studyTests.xctest */;
			productType = "com.apple.product-type.bundle.unit-test";
		};
		24A1DBA61F267D6F0025D21B /* Calculator.studyUITests */ = {
			isa = PBXNativeTarget;
			buildConfigurationList = 24A1DBB61F267D6F0025D21B /* Build configuration list for PBXNativeTarget "Calculator.studyUITests" */;
			buildPhases = (
				24A1DBA31F267D6F0025D21B /* Sources */,
				24A1DBA41F267D6F0025D21B /* Frameworks */,
				24A1DBA51F267D6F0025D21B /* Resources */,
			);
			buildRules = (
			);
			dependencies = (
				24A1DBA91F267D6F0025D21B /* PBXTargetDependency */,
			);
			name = Calculator.studyUITests;
			productName = Calculator.studyUITests;
			productReference = 24A1DBA71F267D6F0025D21B /* Calculator.studyUITests.xctest */;
			productType = "com.apple.product-type.bundle.ui-testing";
		};
/* End PBXNativeTarget section */

/* Begin PBXProject section */
		24A1DB801F267D6E0025D21B /* Project object */ = {
			isa = PBXProject;
			attributes = {
				LastSwiftUpdateCheck = 0830;
				LastUpgradeCheck = 0830;
				ORGANIZATIONNAME = Balavor;
				TargetAttributes = {
					24A1DB871F267D6E0025D21B = {
						CreatedOnToolsVersion = 8.3.3;
						ProvisioningStyle = Automatic;
					};
					24A1DB9B1F267D6E0025D21B = {
						CreatedOnToolsVersion = 8.3.3;
						ProvisioningStyle = Automatic;
						TestTargetID = 24A1DB871F267D6E0025D21B;
					};
					24A1DBA61F267D6F0025D21B = {
						CreatedOnToolsVersion = 8.3.3;
						ProvisioningStyle = Automatic;
						TestTargetID = 24A1DB871F267D6E0025D21B;
					};
				};
			};
			buildConfigurationList = 24A1DB831F267D6E0025D21B /* Build configuration list for PBXProject "Calculator.study" */;
			compatibilityVersion = "Xcode 3.2";
			developmentRegion = English;
			hasScannedForEncodings = 0;
			knownRegions = (
				en,
				Base,
			);
			mainGroup = 24A1DB7F1F267D6E0025D21B;
			productRefGroup = 24A1DB891F267D6E0025D21B /* Products */;
			projectDirPath = "";
			projectRoot = "";
			targets = (
				24A1DB871F267D6E0025D21B /* Calculator.study */,
				24A1DB9B1F267D6E0025D21B /* Calculator.studyTests */,
				24A1DBA61F267D6F0025D21B /* Calculator.studyUITests */,
			);
		};
/* End PBXProject section */

/* Begin PBXResourcesBuildPhase section */
		24A1DB861F267D6E0025D21B /* Resources */ = {
			isa = PBXResourcesBuildPhase;
			buildActionMask = 2147483647;
			files = (
				24A1DB961F267D6E0025D21B /* LaunchScreen.storyboard in Resources */,
				24A1DB931F267D6E0025D21B /* Assets.xcassets in Resources */,
				24A1DB911F267D6E0025D21B /* Main.storyboard in Resources */,
			);
			runOnlyForDeploymentPostprocessing = 0;
		};
		24A1DB9A1F267D6E0025D21B /* Resources */ = {
			isa = PBXResourcesBuildPhase;
			buildActionMask = 2147483647;
			files = (
			);
			runOnlyForDeploymentPostprocessing = 0;
		};
		24A1DBA51F267D6F0025D21B /* Resources */ = {
			isa = PBXResourcesBuildPhase;
			buildActionMask = 2147483647;
			files = (
			);
			runOnlyForDeploymentPostprocessing = 0;
		};
/* End PBXResourcesBuildPhase section */

/* Begin PBXSourcesBuildPhase section */
		24A1DB841F267D6E0025D21B /* Sources */ = {
			isa = PBXSourcesBuildPhase;
			buildActionMask = 2147483647;
			files = (
				24A1DB8E1F267D6E0025D21B /* ViewController.swift in Sources */,
				24A1DB8C1F267D6E0025D21B /* AppDelegate.swift in Sources */,
			);
			runOnlyForDeploymentPostprocessing = 0;
		};
		24A1DB981F267D6E0025D21B /* Sources */ = {
			isa = PBXSourcesBuildPhase;
			buildActionMask = 2147483647;
			files = (
			);
			runOnlyForDeploymentPostprocessing = 0;
		};
		24A1DBA31F267D6F0025D21B /* Sources */ = {
			isa = PBXSourcesBuildPhase;
			buildActionMask = 2147483647;
			files = (
			);
			runOnlyForDeploymentPostprocessing = 0;
		};
/* End PBXSourcesBuildPhase section */

/* Begin PBXTargetDependency section */
		24A1DB9E1F267D6E0025D21B /* PBXTargetDependency */ = {
			isa = PBXTargetDependency;
			target = 24A1DB871F267D6E0025D21B /* Calculator.study */;
			targetProxy = 24A1DB9D1F267D6E0025D21B /* PBXContainerItemProxy */;
		};
		24A1DBA91F267D6F0025D21B /* PBXTargetDependency */ = {
			isa = PBXTargetDependency;
			target = 24A1DB871F267D6E0025D21B /* Calculator.study */;
			targetProxy = 24A1DBA81F267D6F0025D21B /* PBXContainerItemProxy */;
		};
/* End PBXTargetDependency section */

/* Begin PBXVariantGroup section */
		24A1DB8F1F267D6E0025D21B /* Main.storyboard */ = {
			isa = PBXVariantGroup;
			children = (
				24A1DB901F267D6E0025D21B /* Base */,
			);
			name = Main.storyboard;
			sourceTree = "<group>";
		};
		24A1DB941F267D6E0025D21B /* LaunchScreen.storyboard */ = {
			isa = PBXVariantGroup;
			children = (
				24A1DB951F267D6E0025D21B /* Base */,
			);
			name = LaunchScreen.storyboard;
			sourceTree = "<group>";
		};
/* End PBXVariantGroup section */

/* Begin XCBuildConfiguration section */
		24A1DBAE1F267D6F0025D21B /* Debug */ = {
			isa = XCBuildConfiguration;
			buildSettings = {
				ALWAYS_SEARCH_USER_PATHS = NO;
				CLANG_ANALYZER_NONNULL = YES;
				CLANG_ANALYZER_NUMBER_OBJECT_CONVERSION = YES_AGGRESSIVE;
				CLANG_CXX_LANGUAGE_STANDARD = "gnu++0x";
				CLANG_CXX_LIBRARY = "libc++";
				CLANG_ENABLE_MODULES = YES;
				CLANG_ENABLE_OBJC_ARC = YES;
				CLANG_WARN_BOOL_CONVERSION = YES;
				CLANG_WARN_CONSTANT_CONVERSION = YES;
				CLANG_WARN_DIRECT_OBJC_ISA_USAGE = YES_ERROR;
				CLANG_WARN_DOCUMENTATION_COMMENTS = YES;
				CLANG_WARN_EMPTY_BODY = YES;
				CLANG_WARN_ENUM_CONVERSION = YES;
				CLANG_WARN_INFINITE_RECURSION = YES;
				CLANG_WARN_INT_CONVERSION = YES;
				CLANG_WARN_OBJC_ROOT_CLASS = YES_ERROR;
				CLANG_WARN_SUSPICIOUS_MOVE = YES;
				CLANG_WARN_UNREACHABLE_CODE = YES;
				CLANG_WARN__DUPLICATE_METHOD_MATCH = YES;
				"CODE_SIGN_IDENTITY[sdk=iphoneos*]" = "iPhone Developer";
				COPY_PHASE_STRIP = NO;
				DEBUG_INFORMATION_FORMAT = dwarf;
				ENABLE_STRICT_OBJC_MSGSEND = YES;
				ENABLE_TESTABILITY = YES;
				GCC_C_LANGUAGE_STANDARD = gnu99;
				GCC_DYNAMIC_NO_PIC = NO;
				GCC_NO_COMMON_BLOCKS = YES;
				GCC_OPTIMIZATION_LEVEL = 0;
				GCC_PREPROCESSOR_DEFINITIONS = (
					"DEBUG=1",
					"$(inherited)",
				);
				GCC_WARN_64_TO_32_BIT_CONVERSION = YES;
				GCC_WARN_ABOUT_RETURN_TYPE = YES_ERROR;
				GCC_WARN_UNDECLARED_SELECTOR = YES;
				GCC_WARN_UNINITIALIZED_AUTOS = YES_AGGRESSIVE;
				GCC_WARN_UNUSED_FUNCTION = YES;
				GCC_WARN_UNUSED_VARIABLE = YES;
				IPHONEOS_DEPLOYMENT_TARGET = 10.3;
				MTL_ENABLE_DEBUG_INFO = YES;
				ONLY_ACTIVE_ARCH = YES;
				SDKROOT = iphoneos;
				SWIFT_ACTIVE_COMPILATION_CONDITIONS = DEBUG;
				SWIFT_OPTIMIZATION_LEVEL = "-Onone";
			};
			name = Debug;
		};
		24A1DBAF1F267D6F0025D21B /* Release */ = {
			isa = XCBuildConfiguration;
			buildSettings = {
				ALWAYS_SEARCH_USER_PATHS = NO;
				CLANG_ANALYZER_NONNULL = YES;
				CLANG_ANALYZER_NUMBER_OBJECT_CONVERSION = YES_AGGRESSIVE;
				CLANG_CXX_LANGUAGE_STANDARD = "gnu++0x";
				CLANG_CXX_LIBRARY = "libc++";
				CLANG_ENABLE_MODULES = YES;
				CLANG_ENABLE_OBJC_ARC = YES;
				CLANG_WARN_BOOL_CONVERSION = YES;
				CLANG_WARN_CONSTANT_CONVERSION = YES;
				CLANG_WARN_DIRECT_OBJC_ISA_USAGE = YES_ERROR;
				CLANG_WARN_DOCUMENTATION_COMMENTS = YES;
				CLANG_WARN_EMPTY_BODY = YES;
				CLANG_WARN_ENUM_CONVERSION = YES;
				CLANG_WARN_INFINITE_RECURSION = YES;
				CLANG_WARN_INT_CONVERSION = YES;
				CLANG_WARN_OBJC_ROOT_CLASS = YES_ERROR;
				CLANG_WARN_SUSPICIOUS_MOVE = YES;
				CLANG_WARN_UNREACHABLE_CODE = YES;
				CLANG_WARN__DUPLICATE_METHOD_MATCH = YES;
				"CODE_SIGN_IDENTITY[sdk=iphoneos*]" = "iPhone Developer";
				COPY_PHASE_STRIP = NO;
				DEBUG_INFORMATION_FORMAT = "dwarf-with-dsym";
				ENABLE_NS_ASSERTIONS = NO;
				ENABLE_STRICT_OBJC_MSGSEND = YES;
				GCC_C_LANGUAGE_STANDARD = gnu99;
				GCC_NO_COMMON_BLOCKS = YES;
				GCC_WARN_64_TO_32_BIT_CONVERSION = YES;
				GCC_WARN_ABOUT_RETURN_TYPE = YES_ERROR;
				GCC_WARN_UNDECLARED_SELECTOR = YES;
				GCC_WARN_UNINITIALIZED_AUTOS = YES_AGGRESSIVE;
				GCC_WARN_UNUSED_FUNCTION = YES;
				GCC_WARN_UNUSED_VARIABLE = YES;
				IPHONEOS_DEPLOYMENT_TARGET = 10.3;
				MTL_ENABLE_DEBUG_INFO = NO;
				SDKROOT = iphoneos;
				SWIFT_OPTIMIZATION_LEVEL = "-Owholemodule";
				VALIDATE_PRODUCT = YES;
			};
			name = Release;
		};
		24A1DBB11F267D6F0025D21B /* Debug */ = {
			isa = XCBuildConfiguration;
			buildSettings = {
				ASSETCATALOG_COMPILER_APPICON_NAME = AppIcon;
				INFOPLIST_FILE = Calculator.study/Info.plist;
				LD_RUNPATH_SEARCH_PATHS = "$(inherited) @executable_path/Frameworks";
				PRODUCT_BUNDLE_IDENTIFIER = "balavors.Calculator-study";
				PRODUCT_NAME = "$(TARGET_NAME)";
				SWIFT_VERSION = 3.0;
			};
			name = Debug;
		};
		24A1DBB21F267D6F0025D21B /* Release */ = {
			isa = XCBuildConfiguration;
			buildSettings = {
				ASSETCATALOG_COMPILER_APPICON_NAME = AppIcon;
				INFOPLIST_FILE = Calculator.study/Info.plist;
				LD_RUNPATH_SEARCH_PATHS = "$(inherited) @executable_path/Frameworks";
				PRODUCT_BUNDLE_IDENTIFIER = "balavors.Calculator-study";
				PRODUCT_NAME = "$(TARGET_NAME)";
				SWIFT_VERSION = 3.0;
			};
			name = Release;
		};
		24A1DBB41F267D6F0025D21B /* Debug */ = {
			isa = XCBuildConfiguration;
			buildSettings = {
				ALWAYS_EMBED_SWIFT_STANDARD_LIBRARIES = YES;
				BUNDLE_LOADER = "$(TEST_HOST)";
				INFOPLIST_FILE = Calculator.studyTests/Info.plist;
				LD_RUNPATH_SEARCH_PATHS = "$(inherited) @executable_path/Frameworks @loader_path/Frameworks";
				PRODUCT_BUNDLE_IDENTIFIER = "balavors.Calculator-studyTests";
				PRODUCT_NAME = "$(TARGET_NAME)";
				SWIFT_VERSION = 3.0;
				TEST_HOST = "$(BUILT_PRODUCTS_DIR)/Calculator.study.app/Calculator.study";
			};
			name = Debug;
		};
		24A1DBB51F267D6F0025D21B /* Release */ = {
			isa = XCBuildConfiguration;
			buildSettings = {
				ALWAYS_EMBED_SWIFT_STANDARD_LIBRARIES = YES;
				BUNDLE_LOADER = "$(TEST_HOST)";
				INFOPLIST_FILE = Calculator.studyTests/Info.plist;
				LD_RUNPATH_SEARCH_PATHS = "$(inherited) @executable_path/Frameworks @loader_path/Frameworks";
				PRODUCT_BUNDLE_IDENTIFIER = "balavors.Calculator-studyTests";
				PRODUCT_NAME = "$(TARGET_NAME)";
				SWIFT_VERSION = 3.0;
				TEST_HOST = "$(BUILT_PRODUCTS_DIR)/Calculator.study.app/Calculator.study";
			};
			name = Release;
		};
		24A1DBB71F267D6F0025D21B /* Debug */ = {
			isa = XCBuildConfiguration;
			buildSettings = {
				ALWAYS_EMBED_SWIFT_STANDARD_LIBRARIES = YES;
				INFOPLIST_FILE = Calculator.studyUITests/Info.plist;
				LD_RUNPATH_SEARCH_PATHS = "$(inherited) @executable_path/Frameworks @loader_path/Frameworks";
				PRODUCT_BUNDLE_IDENTIFIER = "balavors.Calculator-studyUITests";
				PRODUCT_NAME = "$(TARGET_NAME)";
				SWIFT_VERSION = 3.0;
				TEST_TARGET_NAME = Calculator.study;
			};
			name = Debug;
		};
		24A1DBB81F267D6F0025D21B /* Release */ = {
			isa = XCBuildConfiguration;
			buildSettings = {
				ALWAYS_EMBED_SWIFT_STANDARD_LIBRARIES = YES;
				INFOPLIST_FILE = Calculator.studyUITests/Info.plist;
				LD_RUNPATH_SEARCH_PATHS = "$(inherited) @executable_path/Frameworks @loader_path/Frameworks";
				PRODUCT_BUNDLE_IDENTIFIER = "balavors.Calculator-studyUITests";
				PRODUCT_NAME = "$(TARGET_NAME)";
				SWIFT_VERSION = 3.0;
				TEST_TARGET_NAME = Calculator.study;
			};
			name = Release;
		};
/* End XCBuildConfiguration section */

/* Begin XCConfigurationList section */
		24A1DB831F267D6E0025D21B /* Build configuration list for PBXProject "Calculator.study" */ = {
			isa = XCConfigurationList;
			buildConfigurations = (
				24A1DBAE1F267D6F0025D21B /* Debug */,
				24A1DBAF1F267D6F0025D21B /* Release */,
			);
			defaultConfigurationIsVisible = 0;
			defaultConfigurationName = Release;
		};
		24A1DBB01F267D6F0025D21B /* Build configuration list for PBXNativeTarget "Calculator.study" */ = {
			isa = XCConfigurationList;
			buildConfigurations = (
				24A1DBB11F267D6F0025D21B /* Debug */,
				24A1DBB21F267D6F0025D21B /* Release */,
			);
			defaultConfigurationIsVisible = 0;
			defaultConfigurationName = Release;
		};
		24A1DBB31F267D6F0025D21B /* Build configuration list for PBXNativeTarget "Calculator.studyTests" */ = {
			isa = XCConfigurationList;
			buildConfigurations = (
				24A1DBB41F267D6F0025D21B /* Debug */,
				24A1DBB51F267D6F0025D21B /* Release */,
			);
			defaultConfigurationIsVisible = 0;
			defaultConfigurationName = Release;
		};
		24A1DBB61F267D6F0025D21B /* Build configuration list for PBXNativeTarget "Calculator.studyUITests" */ = {
			isa = XCConfigurationList;
			buildConfigurations = (
				24A1DBB71F267D6F0025D21B /* Debug */,
				24A1DBB81F267D6F0025D21B /* Release */,
			);
			defaultConfigurationIsVisible = 0;
			defaultConfigurationName = Release;
		};
/* End XCConfigurationList section */
	};
	rootObject = 24A1DB801F267D6E0025D21B /* Project object */;
}
